<?xml version="1.0" encoding="utf-8"?>
<Project ToolsVersion="4.0" xmlns="http://schemas.microsoft.com/developer/msbuild/2003">
  <ItemGroup>
    <Filter Include="GUI">
      <UniqueIdentifier>{929a1a52-250f-40b0-a9ca-39abd8fd186e}</UniqueIdentifier>
    </Filter>
    <Filter Include="Common">
      <UniqueIdentifier>{d5ff0de9-408e-4340-a5ab-84de57e9af02}</UniqueIdentifier>
    </Filter>
    <Filter Include="Hijack">
      <UniqueIdentifier>{7ba6cf61-1689-429d-b212-4d53657b7bfe}</UniqueIdentifier>
    </Filter>
  </ItemGroup>
  <ItemGroup>
    <ClCompile Include="..\src\GUI\cProfileSelectDialog.cpp">
      <Filter>GUI</Filter>
    </ClCompile>
    <ClCompile Include="..\src\GUI\app_main.cpp">
      <Filter>GUI</Filter>
    </ClCompile>
    <ClCompile Include="..\src\GUI\cMainWindow.cpp">
      <Filter>GUI</Filter>
    </ClCompile>
    <ClCompile Include="..\src\cConfig_ovr.cpp">
      <Filter>Common</Filter>
    </ClCompile>
    <ClCompile Include="..\src\cPropsFile.cpp">
      <Filter>Common</Filter>
    </ClCompile>
    <ClCompile Include="..\src\cConfig.cpp">
      <Filter>Common</Filter>
    </ClCompile>
    <ClCompile Include="..\src\Hijack\hijack_launch.cpp">
      <Filter>Hijack</Filter>
    </ClCompile>
    <ClCompile Include="..\src\Hijack\hijack_hook.cpp">
      <Filter>Hijack</Filter>
    </ClCompile>
    <ClCompile Include="..\src\cRule.cpp">
      <Filter>Common</Filter>
    </ClCompile>
    <ClCompile Include="..\src\Vireio.cpp">
      <Filter>Common</Filter>
    </ClCompile>
  </ItemGroup>
  <ItemGroup>
    <QT_UIC Include="..\src\GUI\cProfileSelectDialog.ui">
      <Filter>GUI</Filter>
    </QT_UIC>
    <QT_UIC Include="..\src\GUI\cMainWindow.ui">
      <Filter>GUI</Filter>
    </QT_UIC>
  </ItemGroup>
  <ItemGroup>
    <QT_MOC Include="..\src\GUI\cProfileSelectDialog.h">
      <Filter>GUI</Filter>
    </QT_MOC>
    <QT_MOC Include="..\src\GUI\cMainWindow.h">
      <Filter>GUI</Filter>
    </QT_MOC>
  </ItemGroup>
  <ItemGroup>
    <None Include="..\src\cConfig.inc">
      <Filter>Common</Filter>
    </None>
  </ItemGroup>
  <ItemGroup>
    <ClInclude Include="..\src\cPropsFile.h">
      <Filter>Common</Filter>
    </ClInclude>
    <ClInclude Include="..\src\cConfig.h">
      <Filter>Common</Filter>
    </ClInclude>
    <ClInclude Include="..\src\cRule.h">
      <Filter>Common</Filter>
    </ClInclude>
  </ItemGroup>
</Project>